
Microsoft Visual Studio Solution File, Format Version 12.00
# Visual Studio Version 17
VisualStudioVersion = 17.1.32319.34
MinimumVisualStudioVersion = 10.0.40219.1
Project("{9A19103F-16F7-4668-BE54-9A1E7A4F7556}") = "Volkswagen_backend", "Volkswagen_backend\Volkswagen_backend.csproj", "{96CFDD55-DCD2-4B4E-8787-F2FF561D2F0B}"
EndProject
Project("{00D1A9C2-B5F0-4AF3-8072-F6C62B433612}") = "VolkswagenDb", "VolkswagenDb\VolkswagenDb.sqlproj", "{34BBB5C2-365B-48D7-A12B-106E05D32C36}"
EndProject
Project("{FAE04EC0-301F-11D3-BF4B-00C04F79EFBC}") = "DatabaseLibrary", "DatabaseLibrary\DatabaseLibrary.csproj", "{953E62F5-D946-44ED-84E6-29B647732788}"
EndProject
Global
	GlobalSection(SolutionConfigurationPlatforms) = preSolution
		Debug|Any CPU = Debug|Any CPU
		Release|Any CPU = Release|Any CPU
	EndGlobalSection
	GlobalSection(ProjectConfigurationPlatforms) = postSolution
		{96CFDD55-DCD2-4B4E-8787-F2FF561D2F0B}.Debug|Any CPU.ActiveCfg = Debug|Any CPU
		{96CFDD55-DCD2-4B4E-8787-F2FF561D2F0B}.Debug|Any CPU.Build.0 = Debug|Any CPU
		{96CFDD55-DCD2-4B4E-8787-F2FF561D2F0B}.Release|Any CPU.ActiveCfg = Release|Any CPU
		{96CFDD55-DCD2-4B4E-8787-F2FF561D2F0B}.Release|Any CPU.Build.0 = Release|Any CPU
		{34BBB5C2-365B-48D7-A12B-106E05D32C36}.Debug|Any CPU.ActiveCfg = Debug|Any CPU
		{34BBB5C2-365B-48D7-A12B-106E05D32C36}.Debug|Any CPU.Build.0 = Debug|Any CPU
		{34BBB5C2-365B-48D7-A12B-106E05D32C36}.Debug|Any CPU.Deploy.0 = Debug|Any CPU
		{34BBB5C2-365B-48D7-A12B-106E05D32C36}.Release|Any CPU.ActiveCfg = Release|Any CPU
		{34BBB5C2-365B-48D7-A12B-106E05D32C36}.Release|Any CPU.Build.0 = Release|Any CPU
		{34BBB5C2-365B-48D7-A12B-106E05D32C36}.Release|Any CPU.Deploy.0 = Release|Any CPU
		{953E62F5-D946-44ED-84E6-29B647732788}.Debug|Any CPU.ActiveCfg = Debug|Any CPU
		{953E62F5-D946-44ED-84E6-29B647732788}.Debug|Any CPU.Build.0 = Debug|Any CPU
		{953E62F5-D946-44ED-84E6-29B647732788}.Release|Any CPU.ActiveCfg = Release|Any CPU
		{953E62F5-D946-44ED-84E6-29B647732788}.Release|Any CPU.Build.0 = Release|Any CPU
	EndGlobalSection
	GlobalSection(SolutionProperties) = preSolution
		HideSolutionNode = FALSE
	EndGlobalSection
	GlobalSection(ExtensibilityGlobals) = postSolution
		SolutionGuid = {4E259C45-BE1B-4709-8C3B-B747812A8914}
	EndGlobalSection
EndGlobal
